
Microsoft Visual Studio Solution File, Format Version 12.00
# Visual Studio Version 16
VisualStudioVersion = 16.0.32002.261
MinimumVisualStudioVersion = 10.0.40219.1
Project("{FAE04EC0-301F-11D3-BF4B-00C04F79EFBC}") = "reactmemo", "reactmemo\reactmemo.csproj", "{C96CDD99-49D1-442E-8287-9DF30DE942D1}"
EndProject
Global
	GlobalSection(SolutionConfigurationPlatforms) = preSolution
		Debug|Any CPU = Debug|Any CPU
		Release|Any CPU = Release|Any CPU
	EndGlobalSection
	GlobalSection(ProjectConfigurationPlatforms) = postSolution
		{C96CDD99-49D1-442E-8287-9DF30DE942D1}.Debug|Any CPU.ActiveCfg = Debug|Any CPU
		{C96CDD99-49D1-442E-8287-9DF30DE942D1}.Debug|Any CPU.Build.0 = Debug|Any CPU
		{C96CDD99-49D1-442E-8287-9DF30DE942D1}.Release|Any CPU.ActiveCfg = Release|Any CPU
		{C96CDD99-49D1-442E-8287-9DF30DE942D1}.Release|Any CPU.Build.0 = Release|Any CPU
	EndGlobalSection
	GlobalSection(SolutionProperties) = preSolution
		HideSolutionNode = FALSE
	EndGlobalSection
	GlobalSection(ExtensibilityGlobals) = postSolution
		SolutionGuid = {E61ACD66-210E-4745-9F21-7095D33620CE}
	EndGlobalSection
EndGlobal
